
Microsoft Visual Studio Solution File, Format Version 12.00
# Visual Studio 14
VisualStudioVersion = 14.0.24720.0
MinimumVisualStudioVersion = 10.0.40219.1
Project("{FAE04EC0-301F-11D3-BF4B-00C04F79EFBC}") = "ControlWebApp", "ControlWebApp\ControlWebApp.csproj", "{4C16935C-071C-4AC9-A3A9-B39EE515DBE5}"
EndProject
Project("{FAE04EC0-301F-11D3-BF4B-00C04F79EFBC}") = "ControlData", "ControlData\ControlData.csproj", "{4E5DE1C6-FE35-42CB-AFD1-4A98A7C2CE45}"
EndProject
Global
	GlobalSection(SolutionConfigurationPlatforms) = preSolution
		Debug|Any CPU = Debug|Any CPU
		Release|Any CPU = Release|Any CPU
	EndGlobalSection
	GlobalSection(ProjectConfigurationPlatforms) = postSolution
		{4C16935C-071C-4AC9-A3A9-B39EE515DBE5}.Debug|Any CPU.ActiveCfg = Debug|Any CPU
		{4C16935C-071C-4AC9-A3A9-B39EE515DBE5}.Debug|Any CPU.Build.0 = Debug|Any CPU
		{4C16935C-071C-4AC9-A3A9-B39EE515DBE5}.Release|Any CPU.ActiveCfg = Release|Any CPU
		{4C16935C-071C-4AC9-A3A9-B39EE515DBE5}.Release|Any CPU.Build.0 = Release|Any CPU
		{4E5DE1C6-FE35-42CB-AFD1-4A98A7C2CE45}.Debug|Any CPU.ActiveCfg = Debug|Any CPU
		{4E5DE1C6-FE35-42CB-AFD1-4A98A7C2CE45}.Debug|Any CPU.Build.0 = Debug|Any CPU
		{4E5DE1C6-FE35-42CB-AFD1-4A98A7C2CE45}.Release|Any CPU.ActiveCfg = Release|Any CPU
		{4E5DE1C6-FE35-42CB-AFD1-4A98A7C2CE45}.Release|Any CPU.Build.0 = Release|Any CPU
	EndGlobalSection
	GlobalSection(SolutionProperties) = preSolution
		HideSolutionNode = FALSE
	EndGlobalSection
EndGlobal
